{
  "name": "sync-sync",
  "version": "0.0.0",
  "lockfileVersion": 1,
  "requires": true,
  "dependencies": {
    "etch": {
      "version": "0.12.7",
      "resolved": "https://registry.npmjs.org/etch/-/etch-0.12.7.tgz",
      "integrity": "sha512-rSmMSnhd4NpVHg1JThRzxRLWiF6QVqAsuObdPH7rsE5FaM4prj1BAcZJr812CQAMUsB3eJWCaL9y6lmv3E2qgg==",
      "dev": true
    }
  }
}
